<?xml version="1.0" encoding="UTF-8" standalone="yes" ?>
<CodeBlocks_project_file>
	<FileVersion major="1" minor="6" />
	<Project>
		<Option title="kexbasen" />
		<Option pch_mode="2" />
		<Option compiler="gcc" />
		<Build>
			<Target title="Win32 Release">
				<Option output="F:/Projects/KernelEx/apilibs/kexbasen/Release/kexbasen" prefix_auto="1" extension_auto="1" />
				<Option object_output="Release" />
				<Option type="3" />
				<Option compiler="gcc" />
				<Option createDefFile="1" />
				<Option createStaticLib="1" />
				<Compiler>
					<Add option="-W" />
					<Add option="-fexceptions" />
					<Add option="-O2" />
					<Add option="-DWIN32" />
					<Add option="-DNDEBUG" />
					<Add option="-D_WINDOWS" />
					<Add option="-D_MBCS" />
					<Add option="-D_USRDLL" />
					<Add option="-DKEXBASEN_EXPORTS" />
					<Add option="-D_WIN32_WINNT=0x0500" />
					<Add directory="." />
					<Add directory="../../common" />
				</Compiler>
				<ResourceCompiler>
					<Add directory="../../common" />
				</ResourceCompiler>
				<Linker>
					<Add option="--dll " />
					<Add library="kernel32" />
					<Add library="user32" />
					<Add library="gdi32" />
					<Add library="winspool" />
					<Add library="comdlg32" />
					<Add library="advapi32" />
					<Add library="shell32" />
					<Add library="ole32" />
					<Add library="oleaut32" />
					<Add library="uuid" />
					<Add library="odbc32" />
					<Add library="odbccp32" />
					<Add library="cryptui" />
					<Add library="shlwapi" />
					<Add library="rpcrt4" />
					<Add library="usp10" />
					<Add library="winmm" />
					<Add library="ws2_32" />
					<Add library="../../common/KernelEx" />
					<Add library="../../kexcrt/kexcrt" />
					<Add library="libc" />
					<Add library="delayimp" />
				</Linker>
			</Target>
			<Target title="Win32 Debug">
				<Option output="F:/Projects/KernelEx/apilibs/kexbasen/Debug/kexbasen" prefix_auto="1" extension_auto="1" />
				<Option object_output="Debug" />
				<Option type="3" />
				<Option compiler="gcc" />
				<Option createDefFile="1" />
				<Option createStaticLib="1" />
				<Compiler>
					<Add option="-W" />
					<Add option="-fexceptions" />
					<Add option="-g" />
					<Add option="-DWIN32" />
					<Add option="-D_DEBUG" />
					<Add option="-D_WINDOWS" />
					<Add option="-D_MBCS" />
					<Add option="-D_USRDLL" />
					<Add option="-DKEXBASEN_EXPORTS" />
					<Add option="-D_WIN32_WINNT=0x0500" />
					<Add directory="." />
					<Add directory="../../common" />
				</Compiler>
				<ResourceCompiler>
					<Add directory="../../common" />
				</ResourceCompiler>
				<Linker>
					<Add option="--dll " />
					<Add library="kernel32" />
					<Add library="user32" />
					<Add library="gdi32" />
					<Add library="winspool" />
					<Add library="comdlg32" />
					<Add library="advapi32" />
					<Add library="shell32" />
					<Add library="ole32" />
					<Add library="oleaut32" />
					<Add library="uuid" />
					<Add library="odbc32" />
					<Add library="odbccp32" />
					<Add library="cryptui" />
					<Add library="shlwapi" />
					<Add library="rpcrt4" />
					<Add library="usp10" />
					<Add library="winmm" />
					<Add library="ws2_32" />
					<Add library="../../common/KernelEx" />
					<Add library="../../kexcrt/kexcrt" />
					<Add library="libc" />
					<Add library="delayimp" />
				</Linker>
			</Target>
		</Build>
		<Unit filename="../../common/common.c">
			<Option compilerVar="CC" />
		</Unit>
		<Unit filename="../../common/common.h" />
		<Unit filename="../../common/k32ord.def" />
		<Unit filename="../../common/k32ord.h" />
		<Unit filename="advapi32/_advapi32_apilist.c">
			<Option compilerVar="CC" />
		</Unit>
		<Unit filename="advapi32/_advapi32_apilist.h" />
		<Unit filename="advapi32/uniadvapi32.c">
			<Option compilerVar="CC" />
		</Unit>
		<Unit filename="comdlg32/_comdlg32_apilist.c">
			<Option compilerVar="CC" />
		</Unit>
		<Unit filename="comdlg32/_comdlg32_apilist.h" />
		<Unit filename="comdlg32/openfilename_fix.c">
			<Option compilerVar="CC" />
		</Unit>
		<Unit filename="comdlg32/opensavefile.c">
			<Option compilerVar="CC" />
		</Unit>
		<Unit filename="comdlg32/opensavefile.h" />
		<Unit filename="comdlg32/unicomdlg32.c">
			<Option compilerVar="CC" />
		</Unit>
		<Unit filename="cryptui/CryptUIDlgViewContext.c">
			<Option compilerVar="CC" />
		</Unit>
		<Unit filename="cryptui/_cryptui_apilist.c">
			<Option compilerVar="CC" />
		</Unit>
		<Unit filename="cryptui/_cryptui_apilist.h" />
		<Unit filename="dirlist" />
		<Unit filename="gdi32/ScriptCache.cpp" />
		<Unit filename="gdi32/ScriptCache.h" />
		<Unit filename="gdi32/UberGDI.c">
			<Option compilerVar="CC" />
		</Unit>
		<Unit filename="gdi32/_gdi32_apilist.c">
			<Option compilerVar="CC" />
		</Unit>
		<Unit filename="gdi32/_gdi32_apilist.h" />
		<Unit filename="gdi32/unigdi32.c">
			<Option compilerVar="CC" />
		</Unit>
		<Unit filename="kernel32/DelayLoadFailureHook.c">
			<Option compilerVar="CC" />
		</Unit>
		<Unit filename="kernel32/ThreadPool.c">
			<Option compilerVar="CC" />
		</Unit>
		<Unit filename="kernel32/TlsExt.c">
			<Option compilerVar="CC" />
		</Unit>
		<Unit filename="kernel32/_kernel32_apilist.c">
			<Option compilerVar="CC" />
		</Unit>
		<Unit filename="kernel32/_kernel32_apilist.h" />
		<Unit filename="kernel32/allocator.c">
			<Option compilerVar="CC" />
		</Unit>
		<Unit filename="kernel32/unikernel32.c">
			<Option compilerVar="CC" />
		</Unit>
		<Unit filename="kexbasen.def" />
		<Unit filename="kexbasen.rc">
			<Option compilerVar="WINDRES" />
		</Unit>
		<Unit filename="main.c">
			<Option compilerVar="CC" />
		</Unit>
		<Unit filename="ole32/CoWaitForMultipleHandles.c">
			<Option compilerVar="CC" />
		</Unit>
		<Unit filename="ole32/_ole32_apilist.c">
			<Option compilerVar="CC" />
		</Unit>
		<Unit filename="ole32/_ole32_apilist.h" />
		<Unit filename="rpcrt4/NdrDllGetClassObject.c">
			<Option compilerVar="CC" />
		</Unit>
		<Unit filename="rpcrt4/_rpcrt4_apilist.c">
			<Option compilerVar="CC" />
		</Unit>
		<Unit filename="rpcrt4/_rpcrt4_apilist.h" />
		<Unit filename="rpcrt4/unirpcrt4.c">
			<Option compilerVar="CC" />
		</Unit>
		<Unit filename="shell32/SHBindToParent.c">
			<Option compilerVar="CC" />
		</Unit>
		<Unit filename="shell32/SHCreateDirectoryEx.c">
			<Option compilerVar="CC" />
		</Unit>
		<Unit filename="shell32/SHGetFolderLocation.c">
			<Option compilerVar="CC" />
		</Unit>
		<Unit filename="shell32/SHGetFolderPath.c">
			<Option compilerVar="CC" />
		</Unit>
		<Unit filename="shell32/SHGetSpecialFolder.c">
			<Option compilerVar="CC" />
		</Unit>
		<Unit filename="shell32/SHParseDisplayName.c">
			<Option compilerVar="CC" />
		</Unit>
		<Unit filename="shell32/_shell32_apilist.c">
			<Option compilerVar="CC" />
		</Unit>
		<Unit filename="shell32/_shell32_apilist.h" />
		<Unit filename="shell32/folderfix.h" />
		<Unit filename="shell32/unishell32.c">
			<Option compilerVar="CC" />
		</Unit>
		<Unit filename="shfolder/_shfolder_apilist.c">
			<Option compilerVar="CC" />
		</Unit>
		<Unit filename="shfolder/_shfolder_apilist.h" />
		<Unit filename="shfolder/shfolder.c">
			<Option compilerVar="CC" />
		</Unit>
		<Unit filename="shlord.c">
			<Option compilerVar="CC" />
		</Unit>
		<Unit filename="shlord.h" />
		<Unit filename="unifwd.c">
			<Option compilerVar="CC" />
		</Unit>
		<Unit filename="unifwd.h" />
		<Unit filename="user32/_user32_apilist.c">
			<Option compilerVar="CC" />
		</Unit>
		<Unit filename="user32/_user32_apilist.h" />
		<Unit filename="user32/uniuser32.c">
			<Option compilerVar="CC" />
		</Unit>
		<Unit filename="winmm/_winmm_apilist.c">
			<Option compilerVar="CC" />
		</Unit>
		<Unit filename="winmm/_winmm_apilist.h" />
		<Unit filename="winmm/uniwinmm.c">
			<Option compilerVar="CC" />
		</Unit>
		<Unit filename="winspool/DefaultPrinter.c">
			<Option compilerVar="CC" />
		</Unit>
		<Unit filename="winspool/_winspool_apilist.c">
			<Option compilerVar="CC" />
		</Unit>
		<Unit filename="winspool/_winspool_apilist.h" />
		<Unit filename="winspool/_winspool_stubs.c">
			<Option compilerVar="CC" />
		</Unit>
		<Unit filename="winspool/uniwinspool.c">
			<Option compilerVar="CC" />
		</Unit>
		<Unit filename="ws2_32/_ws2_32_apilist.c">
			<Option compilerVar="CC" />
		</Unit>
		<Unit filename="ws2_32/_ws2_32_apilist.h" />
		<Unit filename="ws2_32/addinfo.c">
			<Option compilerVar="CC" />
		</Unit>
		<Unit filename="ws2_32/select_fix.c">
			<Option compilerVar="CC" />
		</Unit>
		<Extensions>
			<code_completion />
			<envvars />
			<debugger />
		</Extensions>
	</Project>
</CodeBlocks_project_file>
